// !$*UTF8*$!
{
	archiveVersion = 1;
	classes = {
	};
	objectVersion = 55;
	objects = {

/* Begin PBXBuildFile section */
		1BD9F81527390FEB001EE742 /* Swift_weak_selfApp.swift in Sources */ = {isa = PBXBuildFile; fileRef = 1BD9F81427390FEB001EE742 /* Swift_weak_selfApp.swift */; };
		1BD9F81927390FF1001EE742 /* Assets.xcassets in Resources */ = {isa = PBXBuildFile; fileRef = 1BD9F81827390FF1001EE742 /* Assets.xcassets */; };
		1BD9F81C27390FF1001EE742 /* Preview Assets.xcassets in Resources */ = {isa = PBXBuildFile; fileRef = 1BD9F81B27390FF1001EE742 /* Preview Assets.xcassets */; };
		1BD9F823273936F2001EE742 /* MainView.swift in Sources */ = {isa = PBXBuildFile; fileRef = 1BD9F822273936F2001EE742 /* MainView.swift */; };
		1BD9F825273958E7001EE742 /* ThirdViewViewModel.swift in Sources */ = {isa = PBXBuildFile; fileRef = 1BD9F824273958E6001EE742 /* ThirdViewViewModel.swift */; };
		1BD9F8272739592E001EE742 /* SecondViewViewModel.swift in Sources */ = {isa = PBXBuildFile; fileRef = 1BD9F8262739592E001EE742 /* SecondViewViewModel.swift */; };
		1BD9F82B27395984001EE742 /* ThirdView.swift in Sources */ = {isa = PBXBuildFile; fileRef = 1BD9F82A27395984001EE742 /* ThirdView.swift */; };
		1BD9F82D273959AB001EE742 /* SecondView.swift in Sources */ = {isa = PBXBuildFile; fileRef = 1BD9F82C273959AB001EE742 /* SecondView.swift */; };
/* End PBXBuildFile section */

/* Begin PBXFileReference section */
		1BD9F81127390FEB001EE742 /* Swift weak self.app */ = {isa = PBXFileReference; explicitFileType = wrapper.application; includeInIndex = 0; path = "Swift weak self.app"; sourceTree = BUILT_PRODUCTS_DIR; };
		1BD9F81427390FEB001EE742 /* Swift_weak_selfApp.swift */ = {isa = PBXFileReference; lastKnownFileType = sourcecode.swift; path = Swift_weak_selfApp.swift; sourceTree = "<group>"; };
		1BD9F81827390FF1001EE742 /* Assets.xcassets */ = {isa = PBXFileReference; lastKnownFileType = folder.assetcatalog; path = Assets.xcassets; sourceTree = "<group>"; };
		1BD9F81B27390FF1001EE742 /* Preview Assets.xcassets */ = {isa = PBXFileReference; lastKnownFileType = folder.assetcatalog; path = "Preview Assets.xcassets"; sourceTree = "<group>"; };
		1BD9F822273936F2001EE742 /* MainView.swift */ = {isa = PBXFileReference; lastKnownFileType = sourcecode.swift; path = MainView.swift; sourceTree = "<group>"; };
		1BD9F824273958E6001EE742 /* ThirdViewViewModel.swift */ = {isa = PBXFileReference; lastKnownFileType = sourcecode.swift; path = ThirdViewViewModel.swift; sourceTree = "<group>"; };
		1BD9F8262739592E001EE742 /* SecondViewViewModel.swift */ = {isa = PBXFileReference; lastKnownFileType = sourcecode.swift; path = SecondViewViewModel.swift; sourceTree = "<group>"; };
		1BD9F82A27395984001EE742 /* ThirdView.swift */ = {isa = PBXFileReference; lastKnownFileType = sourcecode.swift; path = ThirdView.swift; sourceTree = "<group>"; };
		1BD9F82C273959AB001EE742 /* SecondView.swift */ = {isa = PBXFileReference; lastKnownFileType = sourcecode.swift; path = SecondView.swift; sourceTree = "<group>"; };
/* End PBXFileReference section */

/* Begin PBXFrameworksBuildPhase section */
		1BD9F80E27390FEB001EE742 /* Frameworks */ = {
			isa = PBXFrameworksBuildPhase;
			buildActionMask = 2147483647;
			files = (
			);
			runOnlyForDeploymentPostprocessing = 0;
		};
/* End PBXFrameworksBuildPhase section */

/* Begin PBXGroup section */
		1BD9F80827390FEB001EE742 = {
			isa = PBXGroup;
			children = (
				1BD9F81327390FEB001EE742 /* Swift weak self */,
				1BD9F81227390FEB001EE742 /* Products */,
			);
			sourceTree = "<group>";
		};
		1BD9F81227390FEB001EE742 /* Products */ = {
			isa = PBXGroup;
			children = (
				1BD9F81127390FEB001EE742 /* Swift weak self.app */,
			);
			name = Products;
			sourceTree = "<group>";
		};
		1BD9F81327390FEB001EE742 /* Swift weak self */ = {
			isa = PBXGroup;
			children = (
				1BD9F81427390FEB001EE742 /* Swift_weak_selfApp.swift */,
				1BD9F822273936F2001EE742 /* MainView.swift */,
				1BD9F82927395964001EE742 /* SecondView */,
				1BD9F82827395957001EE742 /* ThirdView */,
				1BD9F81827390FF1001EE742 /* Assets.xcassets */,
				1BD9F81A27390FF1001EE742 /* Preview Content */,
			);
			path = "Swift weak self";
			sourceTree = "<group>";
		};
		1BD9F81A27390FF1001EE742 /* Preview Content */ = {
			isa = PBXGroup;
			children = (
				1BD9F81B27390FF1001EE742 /* Preview Assets.xcassets */,
			);
			path = "Preview Content";
			sourceTree = "<group>";
		};
		1BD9F82827395957001EE742 /* ThirdView */ = {
			isa = PBXGroup;
			children = (
				1BD9F824273958E6001EE742 /* ThirdViewViewModel.swift */,
				1BD9F82A27395984001EE742 /* ThirdView.swift */,
			);
			path = ThirdView;
			sourceTree = "<group>";
		};
		1BD9F82927395964001EE742 /* SecondView */ = {
			isa = PBXGroup;
			children = (
				1BD9F8262739592E001EE742 /* SecondViewViewModel.swift */,
				1BD9F82C273959AB001EE742 /* SecondView.swift */,
			);
			path = SecondView;
			sourceTree = "<group>";
		};
/* End PBXGroup section */

/* Begin PBXNativeTarget section */
		1BD9F81027390FEB001EE742 /* Swift weak self */ = {
			isa = PBXNativeTarget;
			buildConfigurationList = 1BD9F81F27390FF1001EE742 /* Build configuration list for PBXNativeTarget "Swift weak self" */;
			buildPhases = (
				1BD9F80D27390FEB001EE742 /* Sources */,
				1BD9F80E27390FEB001EE742 /* Frameworks */,
				1BD9F80F27390FEB001EE742 /* Resources */,
			);
			buildRules = (
			);
			dependencies = (
			);
			name = "Swift weak self";
			productName = "Swift weak self";
			productReference = 1BD9F81127390FEB001EE742 /* Swift weak self.app */;
			productType = "com.apple.product-type.application";
		};
/* End PBXNativeTarget section */

/* Begin PBXProject section */
		1BD9F80927390FEB001EE742 /* Project object */ = {
			isa = PBXProject;
			attributes = {
				BuildIndependentTargetsInParallel = 1;
				LastSwiftUpdateCheck = 1300;
				LastUpgradeCheck = 1300;
				TargetAttributes = {
					1BD9F81027390FEB001EE742 = {
						CreatedOnToolsVersion = 13.0;
					};
				};
			};
			buildConfigurationList = 1BD9F80C27390FEB001EE742 /* Build configuration list for PBXProject "Swift weak self" */;
			compatibilityVersion = "Xcode 13.0";
			developmentRegion = en;
			hasScannedForEncodings = 0;
			knownRegions = (
				en,
				Base,
			);
			mainGroup = 1BD9F80827390FEB001EE742;
			productRefGroup = 1BD9F81227390FEB001EE742 /* Products */;
			projectDirPath = "";
			projectRoot = "";
			targets = (
				1BD9F81027390FEB001EE742 /* Swift weak self */,
			);
		};
/* End PBXProject section */

/* Begin PBXResourcesBuildPhase section */
		1BD9F80F27390FEB001EE742 /* Resources */ = {
			isa = PBXResourcesBuildPhase;
			buildActionMask = 2147483647;
			files = (
				1BD9F81C27390FF1001EE742 /* Preview Assets.xcassets in Resources */,
				1BD9F81927390FF1001EE742 /* Assets.xcassets in Resources */,
			);
			runOnlyForDeploymentPostprocessing = 0;
		};
/* End PBXResourcesBuildPhase section */

/* Begin PBXSourcesBuildPhase section */
		1BD9F80D27390FEB001EE742 /* Sources */ = {
			isa = PBXSourcesBuildPhase;
			buildActionMask = 2147483647;
			files = (
				1BD9F82D273959AB001EE742 /* SecondView.swift in Sources */,
				1BD9F823273936F2001EE742 /* MainView.swift in Sources */,
				1BD9F82B27395984001EE742 /* ThirdView.swift in Sources */,
				1BD9F825273958E7001EE742 /* ThirdViewViewModel.swift in Sources */,
				1BD9F81527390FEB001EE742 /* Swift_weak_selfApp.swift in Sources */,
				1BD9F8272739592E001EE742 /* SecondViewViewModel.swift in Sources */,
			);
			runOnlyForDeploymentPostprocessing = 0;
		};
/* End PBXSourcesBuildPhase section */

/* Begin XCBuildConfiguration section */
		1BD9F81D27390FF1001EE742 /* Debug */ = {
			isa = XCBuildConfiguration;
			buildSettings = {
				ALWAYS_SEARCH_USER_PATHS = NO;
				CLANG_ANALYZER_NONNULL = YES;
				CLANG_ANALYZER_NUMBER_OBJECT_CONVERSION = YES_AGGRESSIVE;
				CLANG_CXX_LANGUAGE_STANDARD = "gnu++17";
				CLANG_CXX_LIBRARY = "libc++";
				CLANG_ENABLE_MODULES = YES;
				CLANG_ENABLE_OBJC_ARC = YES;
				CLANG_ENABLE_OBJC_WEAK = YES;
				CLANG_WARN_BLOCK_CAPTURE_AUTORELEASING = YES;
				CLANG_WARN_BOOL_CONVERSION = YES;
				CLANG_WARN_COMMA = YES;
				CLANG_WARN_CONSTANT_CONVERSION = YES;
				CLANG_WARN_DEPRECATED_OBJC_IMPLEMENTATIONS = YES;
				CLANG_WARN_DIRECT_OBJC_ISA_USAGE = YES_ERROR;
				CLANG_WARN_DOCUMENTATION_COMMENTS = YES;
				CLANG_WARN_EMPTY_BODY = YES;
				CLANG_WARN_ENUM_CONVERSION = YES;
				CLANG_WARN_INFINITE_RECURSION = YES;
				CLANG_WARN_INT_CONVERSION = YES;
				CLANG_WARN_NON_LITERAL_NULL_CONVERSION = YES;
				CLANG_WARN_OBJC_IMPLICIT_RETAIN_SELF = YES;
				CLANG_WARN_OBJC_LITERAL_CONVERSION = YES;
				CLANG_WARN_OBJC_ROOT_CLASS = YES_ERROR;
				CLANG_WARN_QUOTED_INCLUDE_IN_FRAMEWORK_HEADER = YES;
				CLANG_WARN_RANGE_LOOP_ANALYSIS = YES;
				CLANG_WARN_STRICT_PROTOTYPES = YES;
				CLANG_WARN_SUSPICIOUS_MOVE = YES;
				CLANG_WARN_UNGUARDED_AVAILABILITY = YES_AGGRESSIVE;
				CLANG_WARN_UNREACHABLE_CODE = YES;
				CLANG_WARN__DUPLICATE_METHOD_MATCH = YES;
				COPY_PHASE_STRIP = NO;
				DEBUG_INFORMATION_FORMAT = dwarf;
				ENABLE_STRICT_OBJC_MSGSEND = YES;
				ENABLE_TESTABILITY = YES;
				GCC_C_LANGUAGE_STANDARD = gnu11;
				GCC_DYNAMIC_NO_PIC = NO;
				GCC_NO_COMMON_BLOCKS = YES;
				GCC_OPTIMIZATION_LEVEL = 0;
				GCC_PREPROCESSOR_DEFINITIONS = (
					"DEBUG=1",
					"$(inherited)",
				);
				GCC_WARN_64_TO_32_BIT_CONVERSION = YES;
				GCC_WARN_ABOUT_RETURN_TYPE = YES_ERROR;
				GCC_WARN_UNDECLARED_SELECTOR = YES;
				GCC_WARN_UNINITIALIZED_AUTOS = YES_AGGRESSIVE;
				GCC_WARN_UNUSED_FUNCTION = YES;
				GCC_WARN_UNUSED_VARIABLE = YES;
				IPHONEOS_DEPLOYMENT_TARGET = 15.0;
				MTL_ENABLE_DEBUG_INFO = INCLUDE_SOURCE;
				MTL_FAST_MATH = YES;
				ONLY_ACTIVE_ARCH = YES;
				SDKROOT = iphoneos;
				SWIFT_ACTIVE_COMPILATION_CONDITIONS = DEBUG;
				SWIFT_OPTIMIZATION_LEVEL = "-Onone";
			};
			name = Debug;
		};
		1BD9F81E27390FF1001EE742 /* Release */ = {
			isa = XCBuildConfiguration;
			buildSettings = {
				ALWAYS_SEARCH_USER_PATHS = NO;
				CLANG_ANALYZER_NONNULL = YES;
				CLANG_ANALYZER_NUMBER_OBJECT_CONVERSION = YES_AGGRESSIVE;
				CLANG_CXX_LANGUAGE_STANDARD = "gnu++17";
				CLANG_CXX_LIBRARY = "libc++";
				CLANG_ENABLE_MODULES = YES;
				CLANG_ENABLE_OBJC_ARC = YES;
				CLANG_ENABLE_OBJC_WEAK = YES;
				CLANG_WARN_BLOCK_CAPTURE_AUTORELEASING = YES;
				CLANG_WARN_BOOL_CONVERSION = YES;
				CLANG_WARN_COMMA = YES;
				CLANG_WARN_CONSTANT_CONVERSION = YES;
				CLANG_WARN_DEPRECATED_OBJC_IMPLEMENTATIONS = YES;
				CLANG_WARN_DIRECT_OBJC_ISA_USAGE = YES_ERROR;
				CLANG_WARN_DOCUMENTATION_COMMENTS = YES;
				CLANG_WARN_EMPTY_BODY = YES;
				CLANG_WARN_ENUM_CONVERSION = YES;
				CLANG_WARN_INFINITE_RECURSION = YES;
				CLANG_WARN_INT_CONVERSION = YES;
				CLANG_WARN_NON_LITERAL_NULL_CONVERSION = YES;
				CLANG_WARN_OBJC_IMPLICIT_RETAIN_SELF = YES;
				CLANG_WARN_OBJC_LITERAL_CONVERSION = YES;
				CLANG_WARN_OBJC_ROOT_CLASS = YES_ERROR;
				CLANG_WARN_QUOTED_INCLUDE_IN_FRAMEWORK_HEADER = YES;
				CLANG_WARN_RANGE_LOOP_ANALYSIS = YES;
				CLANG_WARN_STRICT_PROTOTYPES = YES;
				CLANG_WARN_SUSPICIOUS_MOVE = YES;
				CLANG_WARN_UNGUARDED_AVAILABILITY = YES_AGGRESSIVE;
				CLANG_WARN_UNREACHABLE_CODE = YES;
				CLANG_WARN__DUPLICATE_METHOD_MATCH = YES;
				COPY_PHASE_STRIP = NO;
				DEBUG_INFORMATION_FORMAT = "dwarf-with-dsym";
				ENABLE_NS_ASSERTIONS = NO;
				ENABLE_STRICT_OBJC_MSGSEND = YES;
				GCC_C_LANGUAGE_STANDARD = gnu11;
				GCC_NO_COMMON_BLOCKS = YES;
				GCC_WARN_64_TO_32_BIT_CONVERSION = YES;
				GCC_WARN_ABOUT_RETURN_TYPE = YES_ERROR;
				GCC_WARN_UNDECLARED_SELECTOR = YES;
				GCC_WARN_UNINITIALIZED_AUTOS = YES_AGGRESSIVE;
				GCC_WARN_UNUSED_FUNCTION = YES;
				GCC_WARN_UNUSED_VARIABLE = YES;
				IPHONEOS_DEPLOYMENT_TARGET = 15.0;
				MTL_ENABLE_DEBUG_INFO = NO;
				MTL_FAST_MATH = YES;
				SDKROOT = iphoneos;
				SWIFT_COMPILATION_MODE = wholemodule;
				SWIFT_OPTIMIZATION_LEVEL = "-O";
				VALIDATE_PRODUCT = YES;
			};
			name = Release;
		};
		1BD9F82027390FF1001EE742 /* Debug */ = {
			isa = XCBuildConfiguration;
			buildSettings = {
				ASSETCATALOG_COMPILER_APPICON_NAME = AppIcon;
				ASSETCATALOG_COMPILER_GLOBAL_ACCENT_COLOR_NAME = AccentColor;
				CODE_SIGN_STYLE = Automatic;
				CURRENT_PROJECT_VERSION = 1;
				DEVELOPMENT_ASSET_PATHS = "\"Swift weak self/Preview Content\"";
				DEVELOPMENT_TEAM = KNAC6VVFFH;
				ENABLE_PREVIEWS = YES;
				GENERATE_INFOPLIST_FILE = YES;
				INFOPLIST_KEY_UIApplicationSceneManifest_Generation = YES;
				INFOPLIST_KEY_UIApplicationSupportsIndirectInputEvents = YES;
				INFOPLIST_KEY_UILaunchScreen_Generation = YES;
				INFOPLIST_KEY_UISupportedInterfaceOrientations_iPad = "UIInterfaceOrientationPortrait UIInterfaceOrientationPortraitUpsideDown UIInterfaceOrientationLandscapeLeft UIInterfaceOrientationLandscapeRight";
				INFOPLIST_KEY_UISupportedInterfaceOrientations_iPhone = "UIInterfaceOrientationPortrait UIInterfaceOrientationLandscapeLeft UIInterfaceOrientationLandscapeRight";
				IPHONEOS_DEPLOYMENT_TARGET = 15.0;
				LD_RUNPATH_SEARCH_PATHS = (
					"$(inherited)",
					"@executable_path/Frameworks",
				);
				MARKETING_VERSION = 1.0;
				PRODUCT_BUNDLE_IDENTIFIER = "standwerth.Swift-weak-self";
				PRODUCT_NAME = "$(TARGET_NAME)";
				SWIFT_EMIT_LOC_STRINGS = YES;
				SWIFT_VERSION = 5.0;
				TARGETED_DEVICE_FAMILY = "1,2";
			};
			name = Debug;
		};
		1BD9F82127390FF1001EE742 /* Release */ = {
			isa = XCBuildConfiguration;
			buildSettings = {
				ASSETCATALOG_COMPILER_APPICON_NAME = AppIcon;
				ASSETCATALOG_COMPILER_GLOBAL_ACCENT_COLOR_NAME = AccentColor;
				CODE_SIGN_STYLE = Automatic;
				CURRENT_PROJECT_VERSION = 1;
				DEVELOPMENT_ASSET_PATHS = "\"Swift weak self/Preview Content\"";
				DEVELOPMENT_TEAM = KNAC6VVFFH;
				ENABLE_PREVIEWS = YES;
				GENERATE_INFOPLIST_FILE = YES;
				INFOPLIST_KEY_UIApplicationSceneManifest_Generation = YES;
				INFOPLIST_KEY_UIApplicationSupportsIndirectInputEvents = YES;
				INFOPLIST_KEY_UILaunchScreen_Generation = YES;
				INFOPLIST_KEY_UISupportedInterfaceOrientations_iPad = "UIInterfaceOrientationPortrait UIInterfaceOrientationPortraitUpsideDown UIInterfaceOrientationLandscapeLeft UIInterfaceOrientationLandscapeRight";
				INFOPLIST_KEY_UISupportedInterfaceOrientations_iPhone = "UIInterfaceOrientationPortrait UIInterfaceOrientationLandscapeLeft UIInterfaceOrientationLandscapeRight";
				IPHONEOS_DEPLOYMENT_TARGET = 15.0;
				LD_RUNPATH_SEARCH_PATHS = (
					"$(inherited)",
					"@executable_path/Frameworks",
				);
				MARKETING_VERSION = 1.0;
				PRODUCT_BUNDLE_IDENTIFIER = "standwerth.Swift-weak-self";
				PRODUCT_NAME = "$(TARGET_NAME)";
				SWIFT_EMIT_LOC_STRINGS = YES;
				SWIFT_VERSION = 5.0;
				TARGETED_DEVICE_FAMILY = "1,2";
			};
			name = Release;
		};
/* End XCBuildConfiguration section */

/* Begin XCConfigurationList section */
		1BD9F80C27390FEB001EE742 /* Build configuration list for PBXProject "Swift weak self" */ = {
			isa = XCConfigurationList;
			buildConfigurations = (
				1BD9F81D27390FF1001EE742 /* Debug */,
				1BD9F81E27390FF1001EE742 /* Release */,
			);
			defaultConfigurationIsVisible = 0;
			defaultConfigurationName = Release;
		};
		1BD9F81F27390FF1001EE742 /* Build configuration list for PBXNativeTarget "Swift weak self" */ = {
			isa = XCConfigurationList;
			buildConfigurations = (
				1BD9F82027390FF1001EE742 /* Debug */,
				1BD9F82127390FF1001EE742 /* Release */,
			);
			defaultConfigurationIsVisible = 0;
			defaultConfigurationName = Release;
		};
/* End XCConfigurationList section */
	};
	rootObject = 1BD9F80927390FEB001EE742 /* Project object */;
}
